
Microsoft Visual Studio Solution File, Format Version 12.00
# Visual Studio 14
VisualStudioVersion = 14.0.23107.0
MinimumVisualStudioVersion = 10.0.40219.1
Project("{FAE04EC0-301F-11D3-BF4B-00C04F79EFBC}") = "Godeltech.Applications.FileManagerCon", "Godeltech.Applications.FileManagerCon\Godeltech.Applications.FileManagerCon.csproj", "{EE62BA42-56F1-4F2A-BFC8-3124615B1C82}"
EndProject
Project("{FAE04EC0-301F-11D3-BF4B-00C04F79EFBC}") = "Godeltech.FileManager.DAL", "Godeltech.FileManager.DAL\Godeltech.FileManager.DAL.csproj", "{4FC0B0AF-7993-466F-BBDC-0710516A5FAE}"
EndProject
Project("{FAE04EC0-301F-11D3-BF4B-00C04F79EFBC}") = "Godeltech.FileManager.BLL", "Godeltech.FileManager.BLL\Godeltech.FileManager.BLL.csproj", "{49B543A3-F24E-4094-9086-DD7EBABD0367}"
EndProject
Global
	GlobalSection(SolutionConfigurationPlatforms) = preSolution
		Debug|Any CPU = Debug|Any CPU
		Release|Any CPU = Release|Any CPU
	EndGlobalSection
	GlobalSection(ProjectConfigurationPlatforms) = postSolution
		{EE62BA42-56F1-4F2A-BFC8-3124615B1C82}.Debug|Any CPU.ActiveCfg = Debug|Any CPU
		{EE62BA42-56F1-4F2A-BFC8-3124615B1C82}.Debug|Any CPU.Build.0 = Debug|Any CPU
		{EE62BA42-56F1-4F2A-BFC8-3124615B1C82}.Release|Any CPU.ActiveCfg = Release|Any CPU
		{EE62BA42-56F1-4F2A-BFC8-3124615B1C82}.Release|Any CPU.Build.0 = Release|Any CPU
		{4FC0B0AF-7993-466F-BBDC-0710516A5FAE}.Debug|Any CPU.ActiveCfg = Debug|Any CPU
		{4FC0B0AF-7993-466F-BBDC-0710516A5FAE}.Debug|Any CPU.Build.0 = Debug|Any CPU
		{4FC0B0AF-7993-466F-BBDC-0710516A5FAE}.Release|Any CPU.ActiveCfg = Release|Any CPU
		{4FC0B0AF-7993-466F-BBDC-0710516A5FAE}.Release|Any CPU.Build.0 = Release|Any CPU
		{49B543A3-F24E-4094-9086-DD7EBABD0367}.Debug|Any CPU.ActiveCfg = Debug|Any CPU
		{49B543A3-F24E-4094-9086-DD7EBABD0367}.Debug|Any CPU.Build.0 = Debug|Any CPU
		{49B543A3-F24E-4094-9086-DD7EBABD0367}.Release|Any CPU.ActiveCfg = Release|Any CPU
		{49B543A3-F24E-4094-9086-DD7EBABD0367}.Release|Any CPU.Build.0 = Release|Any CPU
	EndGlobalSection
	GlobalSection(SolutionProperties) = preSolution
		HideSolutionNode = FALSE
	EndGlobalSection
EndGlobal
